// !$*UTF8*$!
{
	archiveVersion = 1;
	classes = {
	};
	objectVersion = 50;
	objects = {

/* Begin PBXBuildFile section */
		1C9A23F3233A38BF00B173CD /* AppDelegate.m in Sources */ = {isa = PBXBuildFile; fileRef = 1C9A23F2233A38BF00B173CD /* AppDelegate.m */; };
		1C9A23F6233A38BF00B173CD /* SceneDelegate.m in Sources */ = {isa = PBXBuildFile; fileRef = 1C9A23F5233A38BF00B173CD /* SceneDelegate.m */; };
		1C9A23F9233A38BF00B173CD /* ViewController.m in Sources */ = {isa = PBXBuildFile; fileRef = 1C9A23F8233A38BF00B173CD /* ViewController.m */; };
		1C9A23FC233A38BF00B173CD /* Main.storyboard in Resources */ = {isa = PBXBuildFile; fileRef = 1C9A23FA233A38BF00B173CD /* Main.storyboard */; };
		1C9A23FE233A38C000B173CD /* Assets.xcassets in Resources */ = {isa = PBXBuildFile; fileRef = 1C9A23FD233A38C000B173CD /* Assets.xcassets */; };
		1C9A2401233A38C000B173CD /* LaunchScreen.storyboard in Resources */ = {isa = PBXBuildFile; fileRef = 1C9A23FF233A38C000B173CD /* LaunchScreen.storyboard */; };
		1C9A2404233A38C000B173CD /* main.m in Sources */ = {isa = PBXBuildFile; fileRef = 1C9A2403233A38C000B173CD /* main.m */; };
		1CA9FAD8233AE933009B1B94 /* BNRQuizViewController.m in Sources */ = {isa = PBXBuildFile; fileRef = 1CA9FAD6233AE933009B1B94 /* BNRQuizViewController.m */; };
		1CA9FAD9233AE933009B1B94 /* BNRQuizViewController.xib in Resources */ = {isa = PBXBuildFile; fileRef = 1CA9FAD7233AE933009B1B94 /* BNRQuizViewController.xib */; };
/* End PBXBuildFile section */

/* Begin PBXFileReference section */
		1C9A23EE233A38BF00B173CD /* QuizOC.app */ = {isa = PBXFileReference; explicitFileType = wrapper.application; includeInIndex = 0; path = QuizOC.app; sourceTree = BUILT_PRODUCTS_DIR; };
		1C9A23F1233A38BF00B173CD /* AppDelegate.h */ = {isa = PBXFileReference; lastKnownFileType = sourcecode.c.h; path = AppDelegate.h; sourceTree = "<group>"; };
		1C9A23F2233A38BF00B173CD /* AppDelegate.m */ = {isa = PBXFileReference; lastKnownFileType = sourcecode.c.objc; path = AppDelegate.m; sourceTree = "<group>"; };
		1C9A23F4233A38BF00B173CD /* SceneDelegate.h */ = {isa = PBXFileReference; lastKnownFileType = sourcecode.c.h; path = SceneDelegate.h; sourceTree = "<group>"; };
		1C9A23F5233A38BF00B173CD /* SceneDelegate.m */ = {isa = PBXFileReference; lastKnownFileType = sourcecode.c.objc; path = SceneDelegate.m; sourceTree = "<group>"; };
		1C9A23F7233A38BF00B173CD /* ViewController.h */ = {isa = PBXFileReference; lastKnownFileType = sourcecode.c.h; path = ViewController.h; sourceTree = "<group>"; };
		1C9A23F8233A38BF00B173CD /* ViewController.m */ = {isa = PBXFileReference; lastKnownFileType = sourcecode.c.objc; path = ViewController.m; sourceTree = "<group>"; };
		1C9A23FB233A38BF00B173CD /* Base */ = {isa = PBXFileReference; lastKnownFileType = file.storyboard; name = Base; path = Base.lproj/Main.storyboard; sourceTree = "<group>"; };
		1C9A23FD233A38C000B173CD /* Assets.xcassets */ = {isa = PBXFileReference; lastKnownFileType = folder.assetcatalog; path = Assets.xcassets; sourceTree = "<group>"; };
		1C9A2400233A38C000B173CD /* Base */ = {isa = PBXFileReference; lastKnownFileType = file.storyboard; name = Base; path = Base.lproj/LaunchScreen.storyboard; sourceTree = "<group>"; };
		1C9A2402233A38C000B173CD /* Info.plist */ = {isa = PBXFileReference; lastKnownFileType = text.plist.xml; path = Info.plist; sourceTree = "<group>"; };
		1C9A2403233A38C000B173CD /* main.m */ = {isa = PBXFileReference; lastKnownFileType = sourcecode.c.objc; path = main.m; sourceTree = "<group>"; };
		1CA9FAD5233AE933009B1B94 /* BNRQuizViewController.h */ = {isa = PBXFileReference; lastKnownFileType = sourcecode.c.h; path = BNRQuizViewController.h; sourceTree = "<group>"; };
		1CA9FAD6233AE933009B1B94 /* BNRQuizViewController.m */ = {isa = PBXFileReference; lastKnownFileType = sourcecode.c.objc; path = BNRQuizViewController.m; sourceTree = "<group>"; };
		1CA9FAD7233AE933009B1B94 /* BNRQuizViewController.xib */ = {isa = PBXFileReference; lastKnownFileType = file.xib; path = BNRQuizViewController.xib; sourceTree = "<group>"; };
/* End PBXFileReference section */

/* Begin PBXFrameworksBuildPhase section */
		1C9A23EB233A38BF00B173CD /* Frameworks */ = {
			isa = PBXFrameworksBuildPhase;
			buildActionMask = 2147483647;
			files = (
			);
			runOnlyForDeploymentPostprocessing = 0;
		};
/* End PBXFrameworksBuildPhase section */

/* Begin PBXGroup section */
		1C9A23E5233A38BF00B173CD = {
			isa = PBXGroup;
			children = (
				1C9A23F0233A38BF00B173CD /* QuizOC */,
				1C9A23EF233A38BF00B173CD /* Products */,
			);
			sourceTree = "<group>";
		};
		1C9A23EF233A38BF00B173CD /* Products */ = {
			isa = PBXGroup;
			children = (
				1C9A23EE233A38BF00B173CD /* QuizOC.app */,
			);
			name = Products;
			sourceTree = "<group>";
		};
		1C9A23F0233A38BF00B173CD /* QuizOC */ = {
			isa = PBXGroup;
			children = (
				1C9A23F1233A38BF00B173CD /* AppDelegate.h */,
				1C9A23F2233A38BF00B173CD /* AppDelegate.m */,
				1C9A23F4233A38BF00B173CD /* SceneDelegate.h */,
				1C9A23F5233A38BF00B173CD /* SceneDelegate.m */,
				1C9A23F7233A38BF00B173CD /* ViewController.h */,
				1C9A23F8233A38BF00B173CD /* ViewController.m */,
				1CA9FAD5233AE933009B1B94 /* BNRQuizViewController.h */,
				1CA9FAD6233AE933009B1B94 /* BNRQuizViewController.m */,
				1CA9FAD7233AE933009B1B94 /* BNRQuizViewController.xib */,
				1C9A23FA233A38BF00B173CD /* Main.storyboard */,
				1C9A23FD233A38C000B173CD /* Assets.xcassets */,
				1C9A23FF233A38C000B173CD /* LaunchScreen.storyboard */,
				1C9A2402233A38C000B173CD /* Info.plist */,
				1C9A2403233A38C000B173CD /* main.m */,
			);
			path = QuizOC;
			sourceTree = "<group>";
		};
/* End PBXGroup section */

/* Begin PBXNativeTarget section */
		1C9A23ED233A38BF00B173CD /* QuizOC */ = {
			isa = PBXNativeTarget;
			buildConfigurationList = 1C9A2407233A38C000B173CD /* Build configuration list for PBXNativeTarget "QuizOC" */;
			buildPhases = (
				1C9A23EA233A38BF00B173CD /* Sources */,
				1C9A23EB233A38BF00B173CD /* Frameworks */,
				1C9A23EC233A38BF00B173CD /* Resources */,
			);
			buildRules = (
			);
			dependencies = (
			);
			name = QuizOC;
			productName = QuizOC;
			productReference = 1C9A23EE233A38BF00B173CD /* QuizOC.app */;
			productType = "com.apple.product-type.application";
		};
/* End PBXNativeTarget section */

/* Begin PBXProject section */
		1C9A23E6233A38BF00B173CD /* Project object */ = {
			isa = PBXProject;
			attributes = {
				LastUpgradeCheck = 1100;
				ORGANIZATIONNAME = "杨俊艺";
				TargetAttributes = {
					1C9A23ED233A38BF00B173CD = {
						CreatedOnToolsVersion = 11.0;
					};
				};
			};
			buildConfigurationList = 1C9A23E9233A38BF00B173CD /* Build configuration list for PBXProject "QuizOC" */;
			compatibilityVersion = "Xcode 9.3";
			developmentRegion = en;
			hasScannedForEncodings = 0;
			knownRegions = (
				en,
				Base,
			);
			mainGroup = 1C9A23E5233A38BF00B173CD;
			productRefGroup = 1C9A23EF233A38BF00B173CD /* Products */;
			projectDirPath = "";
			projectRoot = "";
			targets = (
				1C9A23ED233A38BF00B173CD /* QuizOC */,
			);
		};
/* End PBXProject section */

/* Begin PBXResourcesBuildPhase section */
		1C9A23EC233A38BF00B173CD /* Resources */ = {
			isa = PBXResourcesBuildPhase;
			buildActionMask = 2147483647;
			files = (
				1CA9FAD9233AE933009B1B94 /* BNRQuizViewController.xib in Resources */,
				1C9A2401233A38C000B173CD /* LaunchScreen.storyboard in Resources */,
				1C9A23FE233A38C000B173CD /* Assets.xcassets in Resources */,
				1C9A23FC233A38BF00B173CD /* Main.storyboard in Resources */,
			);
			runOnlyForDeploymentPostprocessing = 0;
		};
/* End PBXResourcesBuildPhase section */

/* Begin PBXSourcesBuildPhase section */
		1C9A23EA233A38BF00B173CD /* Sources */ = {
			isa = PBXSourcesBuildPhase;
			buildActionMask = 2147483647;
			files = (
				1C9A23F9233A38BF00B173CD /* ViewController.m in Sources */,
				1C9A23F3233A38BF00B173CD /* AppDelegate.m in Sources */,
				1C9A2404233A38C000B173CD /* main.m in Sources */,
				1C9A23F6233A38BF00B173CD /* SceneDelegate.m in Sources */,
				1CA9FAD8233AE933009B1B94 /* BNRQuizViewController.m in Sources */,
			);
			runOnlyForDeploymentPostprocessing = 0;
		};
/* End PBXSourcesBuildPhase section */

/* Begin PBXVariantGroup section */
		1C9A23FA233A38BF00B173CD /* Main.storyboard */ = {
			isa = PBXVariantGroup;
			children = (
				1C9A23FB233A38BF00B173CD /* Base */,
			);
			name = Main.storyboard;
			sourceTree = "<group>";
		};
		1C9A23FF233A38C000B173CD /* LaunchScreen.storyboard */ = {
			isa = PBXVariantGroup;
			children = (
				1C9A2400233A38C000B173CD /* Base */,
			);
			name = LaunchScreen.storyboard;
			sourceTree = "<group>";
		};
/* End PBXVariantGroup section */

/* Begin XCBuildConfiguration section */
		1C9A2405233A38C000B173CD /* Debug */ = {
			isa = XCBuildConfiguration;
			buildSettings = {
				ALWAYS_SEARCH_USER_PATHS = NO;
				CLANG_ANALYZER_NONNULL = YES;
				CLANG_ANALYZER_NUMBER_OBJECT_CONVERSION = YES_AGGRESSIVE;
				CLANG_CXX_LANGUAGE_STANDARD = "gnu++14";
				CLANG_CXX_LIBRARY = "libc++";
				CLANG_ENABLE_MODULES = YES;
				CLANG_ENABLE_OBJC_ARC = YES;
				CLANG_ENABLE_OBJC_WEAK = YES;
				CLANG_WARN_BLOCK_CAPTURE_AUTORELEASING = YES;
				CLANG_WARN_BOOL_CONVERSION = YES;
				CLANG_WARN_COMMA = YES;
				CLANG_WARN_CONSTANT_CONVERSION = YES;
				CLANG_WARN_DEPRECATED_OBJC_IMPLEMENTATIONS = YES;
				CLANG_WARN_DIRECT_OBJC_ISA_USAGE = YES_ERROR;
				CLANG_WARN_DOCUMENTATION_COMMENTS = YES;
				CLANG_WARN_EMPTY_BODY = YES;
				CLANG_WARN_ENUM_CONVERSION = YES;
				CLANG_WARN_INFINITE_RECURSION = YES;
				CLANG_WARN_INT_CONVERSION = YES;
				CLANG_WARN_NON_LITERAL_NULL_CONVERSION = YES;
				CLANG_WARN_OBJC_IMPLICIT_RETAIN_SELF = YES;
				CLANG_WARN_OBJC_LITERAL_CONVERSION = YES;
				CLANG_WARN_OBJC_ROOT_CLASS = YES_ERROR;
				CLANG_WARN_RANGE_LOOP_ANALYSIS = YES;
				CLANG_WARN_STRICT_PROTOTYPES = YES;
				CLANG_WARN_SUSPICIOUS_MOVE = YES;
				CLANG_WARN_UNGUARDED_AVAILABILITY = YES_AGGRESSIVE;
				CLANG_WARN_UNREACHABLE_CODE = YES;
				CLANG_WARN__DUPLICATE_METHOD_MATCH = YES;
				COPY_PHASE_STRIP = NO;
				DEBUG_INFORMATION_FORMAT = dwarf;
				ENABLE_STRICT_OBJC_MSGSEND = YES;
				ENABLE_TESTABILITY = YES;
				GCC_C_LANGUAGE_STANDARD = gnu11;
				GCC_DYNAMIC_NO_PIC = NO;
				GCC_NO_COMMON_BLOCKS = YES;
				GCC_OPTIMIZATION_LEVEL = 0;
				GCC_PREPROCESSOR_DEFINITIONS = (
					"DEBUG=1",
					"$(inherited)",
				);
				GCC_WARN_64_TO_32_BIT_CONVERSION = YES;
				GCC_WARN_ABOUT_RETURN_TYPE = YES_ERROR;
				GCC_WARN_UNDECLARED_SELECTOR = YES;
				GCC_WARN_UNINITIALIZED_AUTOS = YES_AGGRESSIVE;
				GCC_WARN_UNUSED_FUNCTION = YES;
				GCC_WARN_UNUSED_VARIABLE = YES;
				IPHONEOS_DEPLOYMENT_TARGET = 13.0;
				MTL_ENABLE_DEBUG_INFO = INCLUDE_SOURCE;
				MTL_FAST_MATH = YES;
				ONLY_ACTIVE_ARCH = YES;
				SDKROOT = iphoneos;
			};
			name = Debug;
		};
		1C9A2406233A38C000B173CD /* Release */ = {
			isa = XCBuildConfiguration;
			buildSettings = {
				ALWAYS_SEARCH_USER_PATHS = NO;
				CLANG_ANALYZER_NONNULL = YES;
				CLANG_ANALYZER_NUMBER_OBJECT_CONVERSION = YES_AGGRESSIVE;
				CLANG_CXX_LANGUAGE_STANDARD = "gnu++14";
				CLANG_CXX_LIBRARY = "libc++";
				CLANG_ENABLE_MODULES = YES;
				CLANG_ENABLE_OBJC_ARC = YES;
				CLANG_ENABLE_OBJC_WEAK = YES;
				CLANG_WARN_BLOCK_CAPTURE_AUTORELEASING = YES;
				CLANG_WARN_BOOL_CONVERSION = YES;
				CLANG_WARN_COMMA = YES;
				CLANG_WARN_CONSTANT_CONVERSION = YES;
				CLANG_WARN_DEPRECATED_OBJC_IMPLEMENTATIONS = YES;
				CLANG_WARN_DIRECT_OBJC_ISA_USAGE = YES_ERROR;
				CLANG_WARN_DOCUMENTATION_COMMENTS = YES;
				CLANG_WARN_EMPTY_BODY = YES;
				CLANG_WARN_ENUM_CONVERSION = YES;
				CLANG_WARN_INFINITE_RECURSION = YES;
				CLANG_WARN_INT_CONVERSION = YES;
				CLANG_WARN_NON_LITERAL_NULL_CONVERSION = YES;
				CLANG_WARN_OBJC_IMPLICIT_RETAIN_SELF = YES;
				CLANG_WARN_OBJC_LITERAL_CONVERSION = YES;
				CLANG_WARN_OBJC_ROOT_CLASS = YES_ERROR;
				CLANG_WARN_RANGE_LOOP_ANALYSIS = YES;
				CLANG_WARN_STRICT_PROTOTYPES = YES;
				CLANG_WARN_SUSPICIOUS_MOVE = YES;
				CLANG_WARN_UNGUARDED_AVAILABILITY = YES_AGGRESSIVE;
				CLANG_WARN_UNREACHABLE_CODE = YES;
				CLANG_WARN__DUPLICATE_METHOD_MATCH = YES;
				COPY_PHASE_STRIP = NO;
				DEBUG_INFORMATION_FORMAT = "dwarf-with-dsym";
				ENABLE_NS_ASSERTIONS = NO;
				ENABLE_STRICT_OBJC_MSGSEND = YES;
				GCC_C_LANGUAGE_STANDARD = gnu11;
				GCC_NO_COMMON_BLOCKS = YES;
				GCC_WARN_64_TO_32_BIT_CONVERSION = YES;
				GCC_WARN_ABOUT_RETURN_TYPE = YES_ERROR;
				GCC_WARN_UNDECLARED_SELECTOR = YES;
				GCC_WARN_UNINITIALIZED_AUTOS = YES_AGGRESSIVE;
				GCC_WARN_UNUSED_FUNCTION = YES;
				GCC_WARN_UNUSED_VARIABLE = YES;
				IPHONEOS_DEPLOYMENT_TARGET = 13.0;
				MTL_ENABLE_DEBUG_INFO = NO;
				MTL_FAST_MATH = YES;
				SDKROOT = iphoneos;
				VALIDATE_PRODUCT = YES;
			};
			name = Release;
		};
		1C9A2408233A38C000B173CD /* Debug */ = {
			isa = XCBuildConfiguration;
			buildSettings = {
				ASSETCATALOG_COMPILER_APPICON_NAME = AppIcon;
				CODE_SIGN_STYLE = Automatic;
				DEVELOPMENT_TEAM = PGN5857P43;
				INFOPLIST_FILE = QuizOC/Info.plist;
				LD_RUNPATH_SEARCH_PATHS = (
					"$(inherited)",
					"@executable_path/Frameworks",
				);
				PRODUCT_BUNDLE_IDENTIFIER = GitHubyangjunyi.QuizOC;
				PRODUCT_NAME = "$(TARGET_NAME)";
				TARGETED_DEVICE_FAMILY = "1,2";
			};
			name = Debug;
		};
		1C9A2409233A38C000B173CD /* Release */ = {
			isa = XCBuildConfiguration;
			buildSettings = {
				ASSETCATALOG_COMPILER_APPICON_NAME = AppIcon;
				CODE_SIGN_STYLE = Automatic;
				DEVELOPMENT_TEAM = PGN5857P43;
				INFOPLIST_FILE = QuizOC/Info.plist;
				LD_RUNPATH_SEARCH_PATHS = (
					"$(inherited)",
					"@executable_path/Frameworks",
				);
				PRODUCT_BUNDLE_IDENTIFIER = GitHubyangjunyi.QuizOC;
				PRODUCT_NAME = "$(TARGET_NAME)";
				TARGETED_DEVICE_FAMILY = "1,2";
			};
			name = Release;
		};
/* End XCBuildConfiguration section */

/* Begin XCConfigurationList section */
		1C9A23E9233A38BF00B173CD /* Build configuration list for PBXProject "QuizOC" */ = {
			isa = XCConfigurationList;
			buildConfigurations = (
				1C9A2405233A38C000B173CD /* Debug */,
				1C9A2406233A38C000B173CD /* Release */,
			);
			defaultConfigurationIsVisible = 0;
			defaultConfigurationName = Release;
		};
		1C9A2407233A38C000B173CD /* Build configuration list for PBXNativeTarget "QuizOC" */ = {
			isa = XCConfigurationList;
			buildConfigurations = (
				1C9A2408233A38C000B173CD /* Debug */,
				1C9A2409233A38C000B173CD /* Release */,
			);
			defaultConfigurationIsVisible = 0;
			defaultConfigurationName = Release;
		};
/* End XCConfigurationList section */
	};
	rootObject = 1C9A23E6233A38BF00B173CD /* Project object */;
}
